// !$*UTF8*$!
{
	archiveVersion = 1;
	classes = {
	};
	objectVersion = 46;
	objects = {

/* Begin PBXBuildFile section */
		BE6AA033F763E1158CB21366 /* StopTransmission.swift in Sources */ = {isa = PBXBuildFile; fileRef = BE6AA9C6EACEC991BDB4BC3E /* StopTransmission.swift */; };
		BE6AA05705C4673AE27EFBEC /* ErrorService.swift in Sources */ = {isa = PBXBuildFile; fileRef = BE6AA404B8F68CB61D1525D3 /* ErrorService.swift */; };
		BE6AA099C29EAEC74BA8300C /* TransmissionService.swift in Sources */ = {isa = PBXBuildFile; fileRef = BE6AA016A929095536A52381 /* TransmissionService.swift */; };
		BE6AA0B615B132F66B15613D /* MockTransmissionService.swift in Sources */ = {isa = PBXBuildFile; fileRef = BE6AA01414142CC238C87DB8 /* MockTransmissionService.swift */; };
		BE6AA0DA65D6D7BABF913A25 /* TransmissionService.swift in Sources */ = {isa = PBXBuildFile; fileRef = BE6AA016A929095536A52381 /* TransmissionService.swift */; };
		BE6AA0E0B635E24FBA815A1F /* PTTTransmissionState.swift in Sources */ = {isa = PBXBuildFile; fileRef = BE6AADB7E0DD2B414D1902B8 /* PTTTransmissionState.swift */; };
		BE6AA0EB34CF7C1E65D9A6F3 /* TransmissionReducerTests.swift in Sources */ = {isa = PBXBuildFile; fileRef = BE6AAA14EED4DA2F6E43DF9A /* TransmissionReducerTests.swift */; };
		BE6AA10F83F709D2F8C4222B /* TransmissionReducerTests.swift in Sources */ = {isa = PBXBuildFile; fileRef = BE6AAA14EED4DA2F6E43DF9A /* TransmissionReducerTests.swift */; };
		BE6AA154F74D50B0DE0286F6 /* PTTView.swift in Sources */ = {isa = PBXBuildFile; fileRef = BE6AA8143D9ACE3400716E1F /* PTTView.swift */; };
		BE6AA2A8644AA0BD089EE061 /* IntegratedTests.swift in Sources */ = {isa = PBXBuildFile; fileRef = BE6AA29E172F42A718AC910F /* IntegratedTests.swift */; };
		BE6AA2AA0DD5D74AE1D8A4CF /* StopTransmission.swift in Sources */ = {isa = PBXBuildFile; fileRef = BE6AA9C6EACEC991BDB4BC3E /* StopTransmission.swift */; };
		BE6AA2EF8588ECB2E8746DEA /* PTTController.swift in Sources */ = {isa = PBXBuildFile; fileRef = BE6AA354E8F40CEED368AB4F /* PTTController.swift */; };
		BE6AA2FD5E5959573368147B /* TonePlayer.swift in Sources */ = {isa = PBXBuildFile; fileRef = BE6AA3E4E1B65A3A64914D6E /* TonePlayer.swift */; };
		BE6AA2FF55DE398F44BF5DE2 /* PTTViewModel.swift in Sources */ = {isa = PBXBuildFile; fileRef = BE6AA87DD65336DC8DC707FC /* PTTViewModel.swift */; };
		BE6AA3BF7D85067DC2589BD7 /* PTTTransmissionState.swift in Sources */ = {isa = PBXBuildFile; fileRef = BE6AADB7E0DD2B414D1902B8 /* PTTTransmissionState.swift */; };
		BE6AA4A85378B10F45F18F7C /* StartTransmission.swift in Sources */ = {isa = PBXBuildFile; fileRef = BE6AAA1504D17A2ADC3BC480 /* StartTransmission.swift */; };
		BE6AA5646D2C70833A249A2F /* TonePlayer.swift in Sources */ = {isa = PBXBuildFile; fileRef = BE6AA3E4E1B65A3A64914D6E /* TonePlayer.swift */; };
		BE6AA5ECF6A101E0D9E14EA9 /* TransmissionService.swift in Sources */ = {isa = PBXBuildFile; fileRef = BE6AA016A929095536A52381 /* TransmissionService.swift */; };
		BE6AA67F7B0996318DDC642C /* MockTonePlayer.swift in Sources */ = {isa = PBXBuildFile; fileRef = BE6AA08E87A89D7C91C9AFA8 /* MockTonePlayer.swift */; };
		BE6AA6C2A8395D3DD50FEBB3 /* MockTonePlayer.swift in Sources */ = {isa = PBXBuildFile; fileRef = BE6AA08E87A89D7C91C9AFA8 /* MockTonePlayer.swift */; };
		BE6AA75E5DB9F40A21D1CEF8 /* MockTonePlayer.swift in Sources */ = {isa = PBXBuildFile; fileRef = BE6AA08E87A89D7C91C9AFA8 /* MockTonePlayer.swift */; };
		BE6AA7B33C6EB4FEA7F86BE8 /* PTTView.swift in Sources */ = {isa = PBXBuildFile; fileRef = BE6AA8143D9ACE3400716E1F /* PTTView.swift */; };
		BE6AA884C86ECA51D599C1AD /* PTTController.swift in Sources */ = {isa = PBXBuildFile; fileRef = BE6AA354E8F40CEED368AB4F /* PTTController.swift */; };
		BE6AA8BE1FF7A2E8384D8C8D /* SignalingService.swift in Sources */ = {isa = PBXBuildFile; fileRef = BE6AAF2870AB280F7B4E3317 /* SignalingService.swift */; };
		BE6AA8DA8A98E6F3AF182C65 /* TransmissionReducer.swift in Sources */ = {isa = PBXBuildFile; fileRef = BE6AA9EE3ADD0369589B0D9E /* TransmissionReducer.swift */; };
		BE6AA9226357567212923A95 /* MockSignalingService.swift in Sources */ = {isa = PBXBuildFile; fileRef = BE6AAE3DFF9E937073CBBE8E /* MockSignalingService.swift */; };
		BE6AA927A96C6812D001147A /* MockErrorService.swift in Sources */ = {isa = PBXBuildFile; fileRef = BE6AA1CFC370F9344D9B1D1B /* MockErrorService.swift */; };
		BE6AA950232EEF345485AB8F /* ErrorService.swift in Sources */ = {isa = PBXBuildFile; fileRef = BE6AA404B8F68CB61D1525D3 /* ErrorService.swift */; };
		BE6AAA8DCA8B457A47756D9D /* PTTController.swift in Sources */ = {isa = PBXBuildFile; fileRef = BE6AA354E8F40CEED368AB4F /* PTTController.swift */; };
		BE6AAAC5F1992408E3F6C0CB /* TransmissionReducer.swift in Sources */ = {isa = PBXBuildFile; fileRef = BE6AA9EE3ADD0369589B0D9E /* TransmissionReducer.swift */; };
		BE6AAB35F7517505B2E0BB33 /* PTTViewModel.swift in Sources */ = {isa = PBXBuildFile; fileRef = BE6AA87DD65336DC8DC707FC /* PTTViewModel.swift */; };
		BE6AAB4125178F6147E92556 /* TonePlayer.swift in Sources */ = {isa = PBXBuildFile; fileRef = BE6AA3E4E1B65A3A64914D6E /* TonePlayer.swift */; };
		BE6AAB489D558DA0C614B620 /* MockTransmissionService.swift in Sources */ = {isa = PBXBuildFile; fileRef = BE6AA01414142CC238C87DB8 /* MockTransmissionService.swift */; };
		BE6AABFA4391B8E202D5CA26 /* MockErrorService.swift in Sources */ = {isa = PBXBuildFile; fileRef = BE6AA1CFC370F9344D9B1D1B /* MockErrorService.swift */; };
		BE6AABFF66711465831D44A8 /* TransmissionReducer.swift in Sources */ = {isa = PBXBuildFile; fileRef = BE6AA9EE3ADD0369589B0D9E /* TransmissionReducer.swift */; };
		BE6AAC32950C6E9DAEF4A051 /* MockSignalingService.swift in Sources */ = {isa = PBXBuildFile; fileRef = BE6AAE3DFF9E937073CBBE8E /* MockSignalingService.swift */; };
		BE6AACF8DAB67174C22C0B0B /* PTTView.swift in Sources */ = {isa = PBXBuildFile; fileRef = BE6AA8143D9ACE3400716E1F /* PTTView.swift */; };
		BE6AAD0769AFF57577C30E41 /* MockTransmissionService.swift in Sources */ = {isa = PBXBuildFile; fileRef = BE6AA01414142CC238C87DB8 /* MockTransmissionService.swift */; };
		BE6AAD545CFCD6EE8DA402C7 /* StartTransmission.swift in Sources */ = {isa = PBXBuildFile; fileRef = BE6AAA1504D17A2ADC3BC480 /* StartTransmission.swift */; };
		BE6AAD669889EF5BA7357063 /* MockSignalingService.swift in Sources */ = {isa = PBXBuildFile; fileRef = BE6AAE3DFF9E937073CBBE8E /* MockSignalingService.swift */; };
		BE6AADE9C6D320ECDD079E00 /* PTTViewModel.swift in Sources */ = {isa = PBXBuildFile; fileRef = BE6AA87DD65336DC8DC707FC /* PTTViewModel.swift */; };
		BE6AAE0275D9A9221A20625F /* StartTransmission.swift in Sources */ = {isa = PBXBuildFile; fileRef = BE6AAA1504D17A2ADC3BC480 /* StartTransmission.swift */; };
		BE6AAE0541087058EBEF12C1 /* SignalingService.swift in Sources */ = {isa = PBXBuildFile; fileRef = BE6AAF2870AB280F7B4E3317 /* SignalingService.swift */; };
		BE6AAE3CF6DA8C12FF94A5B1 /* StopTransmission.swift in Sources */ = {isa = PBXBuildFile; fileRef = BE6AA9C6EACEC991BDB4BC3E /* StopTransmission.swift */; };
		BE6AAE9D2BB47204F2B17A0D /* IntegratedTests.swift in Sources */ = {isa = PBXBuildFile; fileRef = BE6AA29E172F42A718AC910F /* IntegratedTests.swift */; };
		BE6AAEEC7AB81DE6906C32EB /* ErrorService.swift in Sources */ = {isa = PBXBuildFile; fileRef = BE6AA404B8F68CB61D1525D3 /* ErrorService.swift */; };
		BE6AAF23C81C0312F2BB06DE /* PTTTransmissionState.swift in Sources */ = {isa = PBXBuildFile; fileRef = BE6AADB7E0DD2B414D1902B8 /* PTTTransmissionState.swift */; };
		BE6AAF83EF1859825585F223 /* MockErrorService.swift in Sources */ = {isa = PBXBuildFile; fileRef = BE6AA1CFC370F9344D9B1D1B /* MockErrorService.swift */; };
		BE6AAFD554996AB89E1685A2 /* SignalingService.swift in Sources */ = {isa = PBXBuildFile; fileRef = BE6AAF2870AB280F7B4E3317 /* SignalingService.swift */; };
		F3B3904E7932D6133F32EC2C /* Util.swift in Sources */ = {isa = PBXBuildFile; fileRef = F3B3990549B5CD3981F42047 /* Util.swift */; };
		F3B3940092EA4454E2BE9149 /* QueuedCombineActionsApp.swift in Sources */ = {isa = PBXBuildFile; fileRef = F3B397CFCC13B7B04BE12120 /* QueuedCombineActionsApp.swift */; };
		F3B3941F8644A6576976F120 /* Preview Assets.xcassets in Resources */ = {isa = PBXBuildFile; fileRef = F3B39CDC9C1EBB789737DC13 /* Preview Assets.xcassets */; };
		F3B39448AF643C8967E71C90 /* QueuedCombineActionsUITestsLaunchTests.swift in Sources */ = {isa = PBXBuildFile; fileRef = F3B39D5EF889C039C6268D41 /* QueuedCombineActionsUITestsLaunchTests.swift */; };
		F3B397E904096F209946E0CE /* Util.swift in Sources */ = {isa = PBXBuildFile; fileRef = F3B3990549B5CD3981F42047 /* Util.swift */; };
		F3B39B0AC79F53F7B6C0A617 /* Assets.xcassets in Resources */ = {isa = PBXBuildFile; fileRef = F3B399AEAE44FD557B1F826F /* Assets.xcassets */; };
		F3B39D21CB6D0E3A3ACF7465 /* Util.swift in Sources */ = {isa = PBXBuildFile; fileRef = F3B3990549B5CD3981F42047 /* Util.swift */; };
		F3B39DF35E03F576E21A50AD /* ContentView.swift in Sources */ = {isa = PBXBuildFile; fileRef = F3B39F4B3F90585038E9106D /* ContentView.swift */; };
		F3B39E0A50515DA40236130D /* QueuedCombineActionsUITests.swift in Sources */ = {isa = PBXBuildFile; fileRef = F3B391A8CD028D4364A2FE5C /* QueuedCombineActionsUITests.swift */; };
/* End PBXBuildFile section */

/* Begin PBXContainerItemProxy section */
		F3B39EBD94AE1680E080DBBC /* PBXContainerItemProxy */ = {
			isa = PBXContainerItemProxy;
			containerPortal = F3B39A7DAEF5DBBA96381736 /* Project object */;
			proxyType = 1;
			remoteGlobalIDString = F3B396A393E7948ECF72AAB6;
			remoteInfo = QueuedCombineActions;
		};
		F3B39FC5C803B5E79426ADF3 /* PBXContainerItemProxy */ = {
			isa = PBXContainerItemProxy;
			containerPortal = F3B39A7DAEF5DBBA96381736 /* Project object */;
			proxyType = 1;
			remoteGlobalIDString = F3B396A393E7948ECF72AAB6;
			remoteInfo = QueuedCombineActions;
		};
/* End PBXContainerItemProxy section */

/* Begin PBXFileReference section */
		BE6AA01414142CC238C87DB8 /* MockTransmissionService.swift */ = {isa = PBXFileReference; fileEncoding = 4; lastKnownFileType = sourcecode.swift; path = MockTransmissionService.swift; sourceTree = "<group>"; };
		BE6AA016A929095536A52381 /* TransmissionService.swift */ = {isa = PBXFileReference; fileEncoding = 4; lastKnownFileType = sourcecode.swift; path = TransmissionService.swift; sourceTree = "<group>"; };
		BE6AA08E87A89D7C91C9AFA8 /* MockTonePlayer.swift */ = {isa = PBXFileReference; fileEncoding = 4; lastKnownFileType = sourcecode.swift; path = MockTonePlayer.swift; sourceTree = "<group>"; };
		BE6AA1CFC370F9344D9B1D1B /* MockErrorService.swift */ = {isa = PBXFileReference; fileEncoding = 4; lastKnownFileType = sourcecode.swift; path = MockErrorService.swift; sourceTree = "<group>"; };
		BE6AA29E172F42A718AC910F /* IntegratedTests.swift */ = {isa = PBXFileReference; fileEncoding = 4; lastKnownFileType = sourcecode.swift; path = IntegratedTests.swift; sourceTree = "<group>"; };
		BE6AA354E8F40CEED368AB4F /* PTTController.swift */ = {isa = PBXFileReference; fileEncoding = 4; lastKnownFileType = sourcecode.swift; path = PTTController.swift; sourceTree = "<group>"; };
		BE6AA3E4E1B65A3A64914D6E /* TonePlayer.swift */ = {isa = PBXFileReference; fileEncoding = 4; lastKnownFileType = sourcecode.swift; path = TonePlayer.swift; sourceTree = "<group>"; };
		BE6AA404B8F68CB61D1525D3 /* ErrorService.swift */ = {isa = PBXFileReference; fileEncoding = 4; lastKnownFileType = sourcecode.swift; path = ErrorService.swift; sourceTree = "<group>"; };
		BE6AA8143D9ACE3400716E1F /* PTTView.swift */ = {isa = PBXFileReference; fileEncoding = 4; lastKnownFileType = sourcecode.swift; path = PTTView.swift; sourceTree = "<group>"; };
		BE6AA87DD65336DC8DC707FC /* PTTViewModel.swift */ = {isa = PBXFileReference; fileEncoding = 4; lastKnownFileType = sourcecode.swift; path = PTTViewModel.swift; sourceTree = "<group>"; };
		BE6AA9C6EACEC991BDB4BC3E /* StopTransmission.swift */ = {isa = PBXFileReference; fileEncoding = 4; lastKnownFileType = sourcecode.swift; path = StopTransmission.swift; sourceTree = "<group>"; };
		BE6AA9EE3ADD0369589B0D9E /* TransmissionReducer.swift */ = {isa = PBXFileReference; fileEncoding = 4; lastKnownFileType = sourcecode.swift; path = TransmissionReducer.swift; sourceTree = "<group>"; };
		BE6AAA14EED4DA2F6E43DF9A /* TransmissionReducerTests.swift */ = {isa = PBXFileReference; fileEncoding = 4; lastKnownFileType = sourcecode.swift; path = TransmissionReducerTests.swift; sourceTree = "<group>"; };
		BE6AAA1504D17A2ADC3BC480 /* StartTransmission.swift */ = {isa = PBXFileReference; fileEncoding = 4; lastKnownFileType = sourcecode.swift; path = StartTransmission.swift; sourceTree = "<group>"; };
		BE6AADB7E0DD2B414D1902B8 /* PTTTransmissionState.swift */ = {isa = PBXFileReference; fileEncoding = 4; lastKnownFileType = sourcecode.swift; path = PTTTransmissionState.swift; sourceTree = "<group>"; };
		BE6AAE3DFF9E937073CBBE8E /* MockSignalingService.swift */ = {isa = PBXFileReference; fileEncoding = 4; lastKnownFileType = sourcecode.swift; path = MockSignalingService.swift; sourceTree = "<group>"; };
		BE6AAF2870AB280F7B4E3317 /* SignalingService.swift */ = {isa = PBXFileReference; fileEncoding = 4; lastKnownFileType = sourcecode.swift; path = SignalingService.swift; sourceTree = "<group>"; };
		F3B391A8CD028D4364A2FE5C /* QueuedCombineActionsUITests.swift */ = {isa = PBXFileReference; lastKnownFileType = sourcecode.swift; path = QueuedCombineActionsUITests.swift; sourceTree = "<group>"; };
		F3B3974E99F16B4D5FBCE517 /* QueuedCombineActionsUITests.xctest */ = {isa = PBXFileReference; explicitFileType = wrapper.cfbundle; includeInIndex = 0; path = QueuedCombineActionsUITests.xctest; sourceTree = BUILT_PRODUCTS_DIR; };
		F3B397CFCC13B7B04BE12120 /* QueuedCombineActionsApp.swift */ = {isa = PBXFileReference; lastKnownFileType = sourcecode.swift; path = QueuedCombineActionsApp.swift; sourceTree = "<group>"; };
		F3B3990549B5CD3981F42047 /* Util.swift */ = {isa = PBXFileReference; fileEncoding = 4; lastKnownFileType = sourcecode.swift; path = Util.swift; sourceTree = "<group>"; };
		F3B399127CC8D0136FF2DEA2 /* QueuedCombineActions.app */ = {isa = PBXFileReference; explicitFileType = wrapper.application; includeInIndex = 0; path = QueuedCombineActions.app; sourceTree = BUILT_PRODUCTS_DIR; };
		F3B399AEAE44FD557B1F826F /* Assets.xcassets */ = {isa = PBXFileReference; lastKnownFileType = folder.assetcatalog; path = Assets.xcassets; sourceTree = "<group>"; };
		F3B39CDC9C1EBB789737DC13 /* Preview Assets.xcassets */ = {isa = PBXFileReference; lastKnownFileType = folder.assetcatalog; path = "Preview Assets.xcassets"; sourceTree = "<group>"; };
		F3B39D5EF889C039C6268D41 /* QueuedCombineActionsUITestsLaunchTests.swift */ = {isa = PBXFileReference; lastKnownFileType = sourcecode.swift; path = QueuedCombineActionsUITestsLaunchTests.swift; sourceTree = "<group>"; };
		F3B39DB2F1B468E9B10EA8E3 /* QueuedCombineActionsTests.xctest */ = {isa = PBXFileReference; explicitFileType = wrapper.cfbundle; includeInIndex = 0; path = QueuedCombineActionsTests.xctest; sourceTree = BUILT_PRODUCTS_DIR; };
		F3B39F4B3F90585038E9106D /* ContentView.swift */ = {isa = PBXFileReference; lastKnownFileType = sourcecode.swift; path = ContentView.swift; sourceTree = "<group>"; };
/* End PBXFileReference section */

/* Begin PBXFrameworksBuildPhase section */
		F3B392368F8446F0CE4A3A55 /* Frameworks */ = {
			isa = PBXFrameworksBuildPhase;
			buildActionMask = 2147483647;
			files = (
			);
			runOnlyForDeploymentPostprocessing = 0;
		};
		F3B39318EE697547369FEA6C /* Frameworks */ = {
			isa = PBXFrameworksBuildPhase;
			buildActionMask = 2147483647;
			files = (
			);
			runOnlyForDeploymentPostprocessing = 0;
		};
		F3B39C88255110B29839AABE /* Frameworks */ = {
			isa = PBXFrameworksBuildPhase;
			buildActionMask = 2147483647;
			files = (
			);
			runOnlyForDeploymentPostprocessing = 0;
		};
/* End PBXFrameworksBuildPhase section */

/* Begin PBXGroup section */
		BE6AA0DFD5D414C245307906 /* entity */ = {
			isa = PBXGroup;
			children = (
				BE6AADB7E0DD2B414D1902B8 /* PTTTransmissionState.swift */,
			);
			path = entity;
			sourceTree = "<group>";
		};
		BE6AA16B65EE88C070C98416 /* startTransmission */ = {
			isa = PBXGroup;
			children = (
				BE6AAA1504D17A2ADC3BC480 /* StartTransmission.swift */,
			);
			path = startTransmission;
			sourceTree = "<group>";
		};
		BE6AA46ED8DADD7AAD61F28A /* usecase */ = {
			isa = PBXGroup;
			children = (
				BE6AA9EE3ADD0369589B0D9E /* TransmissionReducer.swift */,
				BE6AA16B65EE88C070C98416 /* startTransmission */,
				BE6AAA8C6DC6997519423C03 /* stopTransmission */,
			);
			path = usecase;
			sourceTree = "<group>";
		};
		BE6AA47A11D53DDE550015D7 /* service */ = {
			isa = PBXGroup;
			children = (
				BE6AA016A929095536A52381 /* TransmissionService.swift */,
				BE6AAF2870AB280F7B4E3317 /* SignalingService.swift */,
				BE6AA3E4E1B65A3A64914D6E /* TonePlayer.swift */,
				BE6AA404B8F68CB61D1525D3 /* ErrorService.swift */,
			);
			path = service;
			sourceTree = "<group>";
		};
		BE6AA4D2426F190ADC966443 /* presentation */ = {
			isa = PBXGroup;
			children = (
				BE6AA8143D9ACE3400716E1F /* PTTView.swift */,
				BE6AA354E8F40CEED368AB4F /* PTTController.swift */,
				BE6AA87DD65336DC8DC707FC /* PTTViewModel.swift */,
			);
			path = presentation;
			sourceTree = "<group>";
		};
		BE6AAA8C6DC6997519423C03 /* stopTransmission */ = {
			isa = PBXGroup;
			children = (
				BE6AA9C6EACEC991BDB4BC3E /* StopTransmission.swift */,
			);
			path = stopTransmission;
			sourceTree = "<group>";
		};
		BE6AADD5FF49B90A9AB30EBE /* mocks */ = {
			isa = PBXGroup;
			children = (
				BE6AA08E87A89D7C91C9AFA8 /* MockTonePlayer.swift */,
				BE6AAE3DFF9E937073CBBE8E /* MockSignalingService.swift */,
				BE6AA01414142CC238C87DB8 /* MockTransmissionService.swift */,
				BE6AA1CFC370F9344D9B1D1B /* MockErrorService.swift */,
			);
			path = mocks;
			sourceTree = "<group>";
		};
		F3B39736EDB7C43B5D960276 /* Preview Content */ = {
			isa = PBXGroup;
			children = (
				F3B39CDC9C1EBB789737DC13 /* Preview Assets.xcassets */,
			);
			path = "Preview Content";
			sourceTree = "<group>";
		};
		F3B398ABD7F4E622AD7CBEC9 = {
			isa = PBXGroup;
			children = (
				F3B39F7970A00D61B790F0A0 /* Products */,
				F3B39B9D6F0DDC1104166C4B /* QueuedCombineActions */,
				F3B399008257EEA1300DE056 /* QueuedCombineActionsTests */,
				F3B3991B14BB064479DE63D5 /* QueuedCombineActionsUITests */,
			);
			sourceTree = "<group>";
		};
		F3B399008257EEA1300DE056 /* QueuedCombineActionsTests */ = {
			isa = PBXGroup;
			children = (
				F3B3990549B5CD3981F42047 /* Util.swift */,
				BE6AAA14EED4DA2F6E43DF9A /* TransmissionReducerTests.swift */,
				BE6AA29E172F42A718AC910F /* IntegratedTests.swift */,
			);
			path = QueuedCombineActionsTests;
			sourceTree = "<group>";
		};
		F3B3991B14BB064479DE63D5 /* QueuedCombineActionsUITests */ = {
			isa = PBXGroup;
			children = (
				F3B391A8CD028D4364A2FE5C /* QueuedCombineActionsUITests.swift */,
				F3B39D5EF889C039C6268D41 /* QueuedCombineActionsUITestsLaunchTests.swift */,
			);
			path = QueuedCombineActionsUITests;
			sourceTree = "<group>";
		};
		F3B39A09C9327503533EAF9D /* domain */ = {
			isa = PBXGroup;
			children = (
				BE6AA0DFD5D414C245307906 /* entity */,
				BE6AA47A11D53DDE550015D7 /* service */,
				BE6AA46ED8DADD7AAD61F28A /* usecase */,
				BE6AADD5FF49B90A9AB30EBE /* mocks */,
			);
			path = domain;
			sourceTree = "<group>";
		};
		F3B39B9D6F0DDC1104166C4B /* QueuedCombineActions */ = {
			isa = PBXGroup;
			children = (
				F3B399AEAE44FD557B1F826F /* Assets.xcassets */,
				F3B39736EDB7C43B5D960276 /* Preview Content */,
				F3B397CFCC13B7B04BE12120 /* QueuedCombineActionsApp.swift */,
				F3B39F4B3F90585038E9106D /* ContentView.swift */,
				F3B39A09C9327503533EAF9D /* domain */,
				BE6AA4D2426F190ADC966443 /* presentation */,
			);
			path = QueuedCombineActions;
			sourceTree = "<group>";
		};
		F3B39F7970A00D61B790F0A0 /* Products */ = {
			isa = PBXGroup;
			children = (
				F3B399127CC8D0136FF2DEA2 /* QueuedCombineActions.app */,
				F3B39DB2F1B468E9B10EA8E3 /* QueuedCombineActionsTests.xctest */,
				F3B3974E99F16B4D5FBCE517 /* QueuedCombineActionsUITests.xctest */,
			);
			name = Products;
			sourceTree = "<group>";
		};
/* End PBXGroup section */

/* Begin PBXNativeTarget section */
		F3B396A393E7948ECF72AAB6 /* QueuedCombineActions */ = {
			isa = PBXNativeTarget;
			buildConfigurationList = F3B392F8558B77B80EB5110B /* Build configuration list for PBXNativeTarget "QueuedCombineActions" */;
			buildPhases = (
				F3B39F7AC05F95EB6A4E02A1 /* Sources */,
				F3B39318EE697547369FEA6C /* Frameworks */,
				F3B3927C34697FBC0174F3A6 /* Resources */,
			);
			buildRules = (
			);
			dependencies = (
			);
			name = QueuedCombineActions;
			productName = QueuedCombineActions;
			productReference = F3B399127CC8D0136FF2DEA2 /* QueuedCombineActions.app */;
			productType = "com.apple.product-type.application";
		};
		F3B3977EDCBBD3D826F7ECFB /* QueuedCombineActionsTests */ = {
			isa = PBXNativeTarget;
			buildConfigurationList = F3B39D9E96D0DDCF90005B46 /* Build configuration list for PBXNativeTarget "QueuedCombineActionsTests" */;
			buildPhases = (
				F3B39F316AAD406F89F15F25 /* Sources */,
				F3B39C88255110B29839AABE /* Frameworks */,
				F3B39B50ACA03FD756A16417 /* Resources */,
			);
			buildRules = (
			);
			dependencies = (
				F3B39093452F5FE19CD9547F /* PBXTargetDependency */,
			);
			name = QueuedCombineActionsTests;
			productName = QueuedCombineActionsTests;
			productReference = F3B39DB2F1B468E9B10EA8E3 /* QueuedCombineActionsTests.xctest */;
			productType = "com.apple.product-type.bundle.unit-test";
		};
		F3B39C09A0430404D5198599 /* QueuedCombineActionsUITests */ = {
			isa = PBXNativeTarget;
			buildConfigurationList = F3B39DCBF80069CE266C9FDB /* Build configuration list for PBXNativeTarget "QueuedCombineActionsUITests" */;
			buildPhases = (
				F3B39A5BFA225C1D1148790D /* Sources */,
				F3B392368F8446F0CE4A3A55 /* Frameworks */,
				F3B39755DE6CF1E689F3331F /* Resources */,
			);
			buildRules = (
			);
			dependencies = (
				F3B39FE034484AA60C48FF14 /* PBXTargetDependency */,
			);
			name = QueuedCombineActionsUITests;
			productName = QueuedCombineActionsUITests;
			productReference = F3B3974E99F16B4D5FBCE517 /* QueuedCombineActionsUITests.xctest */;
			productType = "com.apple.product-type.bundle.ui-testing";
		};
/* End PBXNativeTarget section */

/* Begin PBXProject section */
		F3B39A7DAEF5DBBA96381736 /* Project object */ = {
			isa = PBXProject;
			buildConfigurationList = F3B39EDD8CA999BA761D47D8 /* Build configuration list for PBXProject "QueuedCombineActions" */;
			compatibilityVersion = "Xcode 3.2";
			developmentRegion = English;
			hasScannedForEncodings = 0;
			knownRegions = (
				en,
			);
			mainGroup = F3B398ABD7F4E622AD7CBEC9;
			productRefGroup = F3B39F7970A00D61B790F0A0 /* Products */;
			projectDirPath = "";
			projectRoot = "";
			targets = (
				F3B396A393E7948ECF72AAB6 /* QueuedCombineActions */,
				F3B3977EDCBBD3D826F7ECFB /* QueuedCombineActionsTests */,
				F3B39C09A0430404D5198599 /* QueuedCombineActionsUITests */,
			);
		};
/* End PBXProject section */

/* Begin PBXResourcesBuildPhase section */
		F3B3927C34697FBC0174F3A6 /* Resources */ = {
			isa = PBXResourcesBuildPhase;
			buildActionMask = 2147483647;
			files = (
				F3B39B0AC79F53F7B6C0A617 /* Assets.xcassets in Resources */,
				F3B3941F8644A6576976F120 /* Preview Assets.xcassets in Resources */,
			);
			runOnlyForDeploymentPostprocessing = 0;
		};
		F3B39755DE6CF1E689F3331F /* Resources */ = {
			isa = PBXResourcesBuildPhase;
			buildActionMask = 2147483647;
			files = (
			);
			runOnlyForDeploymentPostprocessing = 0;
		};
		F3B39B50ACA03FD756A16417 /* Resources */ = {
			isa = PBXResourcesBuildPhase;
			buildActionMask = 2147483647;
			files = (
			);
			runOnlyForDeploymentPostprocessing = 0;
		};
/* End PBXResourcesBuildPhase section */

/* Begin PBXSourcesBuildPhase section */
		F3B39A5BFA225C1D1148790D /* Sources */ = {
			isa = PBXSourcesBuildPhase;
			buildActionMask = 2147483647;
			files = (
				F3B39E0A50515DA40236130D /* QueuedCombineActionsUITests.swift in Sources */,
				F3B39448AF643C8967E71C90 /* QueuedCombineActionsUITestsLaunchTests.swift in Sources */,
				F3B3904E7932D6133F32EC2C /* Util.swift in Sources */,
				BE6AACF8DAB67174C22C0B0B /* PTTView.swift in Sources */,
				BE6AA2EF8588ECB2E8746DEA /* PTTController.swift in Sources */,
				BE6AA2FF55DE398F44BF5DE2 /* PTTViewModel.swift in Sources */,
				BE6AA10F83F709D2F8C4222B /* TransmissionReducerTests.swift in Sources */,
				BE6AA3BF7D85067DC2589BD7 /* PTTTransmissionState.swift in Sources */,
				BE6AAE9D2BB47204F2B17A0D /* IntegratedTests.swift in Sources */,
				BE6AABFF66711465831D44A8 /* TransmissionReducer.swift in Sources */,
				BE6AA5ECF6A101E0D9E14EA9 /* TransmissionService.swift in Sources */,
				BE6AA8BE1FF7A2E8384D8C8D /* SignalingService.swift in Sources */,
				BE6AA5646D2C70833A249A2F /* TonePlayer.swift in Sources */,
				BE6AA4A85378B10F45F18F7C /* StartTransmission.swift in Sources */,
				BE6AA6C2A8395D3DD50FEBB3 /* MockTonePlayer.swift in Sources */,
				BE6AAC32950C6E9DAEF4A051 /* MockSignalingService.swift in Sources */,
				BE6AA0B615B132F66B15613D /* MockTransmissionService.swift in Sources */,
				BE6AAE3CF6DA8C12FF94A5B1 /* StopTransmission.swift in Sources */,
				BE6AA05705C4673AE27EFBEC /* ErrorService.swift in Sources */,
				BE6AA927A96C6812D001147A /* MockErrorService.swift in Sources */,
			);
			runOnlyForDeploymentPostprocessing = 0;
		};
		F3B39F316AAD406F89F15F25 /* Sources */ = {
			isa = PBXSourcesBuildPhase;
			buildActionMask = 2147483647;
			files = (
				F3B39D21CB6D0E3A3ACF7465 /* Util.swift in Sources */,
				BE6AA154F74D50B0DE0286F6 /* PTTView.swift in Sources */,
				BE6AAA8DCA8B457A47756D9D /* PTTController.swift in Sources */,
				BE6AADE9C6D320ECDD079E00 /* PTTViewModel.swift in Sources */,
				BE6AA0EB34CF7C1E65D9A6F3 /* TransmissionReducerTests.swift in Sources */,
				BE6AAF23C81C0312F2BB06DE /* PTTTransmissionState.swift in Sources */,
				BE6AA2A8644AA0BD089EE061 /* IntegratedTests.swift in Sources */,
				BE6AAAC5F1992408E3F6C0CB /* TransmissionReducer.swift in Sources */,
				BE6AA099C29EAEC74BA8300C /* TransmissionService.swift in Sources */,
				BE6AAE0541087058EBEF12C1 /* SignalingService.swift in Sources */,
				BE6AA2FD5E5959573368147B /* TonePlayer.swift in Sources */,
				BE6AAE0275D9A9221A20625F /* StartTransmission.swift in Sources */,
				BE6AA75E5DB9F40A21D1CEF8 /* MockTonePlayer.swift in Sources */,
				BE6AA9226357567212923A95 /* MockSignalingService.swift in Sources */,
				BE6AAD0769AFF57577C30E41 /* MockTransmissionService.swift in Sources */,
				BE6AA2AA0DD5D74AE1D8A4CF /* StopTransmission.swift in Sources */,
				BE6AAEEC7AB81DE6906C32EB /* ErrorService.swift in Sources */,
				BE6AABFA4391B8E202D5CA26 /* MockErrorService.swift in Sources */,
			);
			runOnlyForDeploymentPostprocessing = 0;
		};
		F3B39F7AC05F95EB6A4E02A1 /* Sources */ = {
			isa = PBXSourcesBuildPhase;
			buildActionMask = 2147483647;
			files = (
				F3B3940092EA4454E2BE9149 /* QueuedCombineActionsApp.swift in Sources */,
				F3B39DF35E03F576E21A50AD /* ContentView.swift in Sources */,
				F3B397E904096F209946E0CE /* Util.swift in Sources */,
				BE6AA7B33C6EB4FEA7F86BE8 /* PTTView.swift in Sources */,
				BE6AA884C86ECA51D599C1AD /* PTTController.swift in Sources */,
				BE6AAB35F7517505B2E0BB33 /* PTTViewModel.swift in Sources */,
				BE6AA0E0B635E24FBA815A1F /* PTTTransmissionState.swift in Sources */,
				BE6AA8DA8A98E6F3AF182C65 /* TransmissionReducer.swift in Sources */,
				BE6AA0DA65D6D7BABF913A25 /* TransmissionService.swift in Sources */,
				BE6AAFD554996AB89E1685A2 /* SignalingService.swift in Sources */,
				BE6AAB4125178F6147E92556 /* TonePlayer.swift in Sources */,
				BE6AAD545CFCD6EE8DA402C7 /* StartTransmission.swift in Sources */,
				BE6AA67F7B0996318DDC642C /* MockTonePlayer.swift in Sources */,
				BE6AAD669889EF5BA7357063 /* MockSignalingService.swift in Sources */,
				BE6AAB489D558DA0C614B620 /* MockTransmissionService.swift in Sources */,
				BE6AA033F763E1158CB21366 /* StopTransmission.swift in Sources */,
				BE6AA950232EEF345485AB8F /* ErrorService.swift in Sources */,
				BE6AAF83EF1859825585F223 /* MockErrorService.swift in Sources */,
			);
			runOnlyForDeploymentPostprocessing = 0;
		};
/* End PBXSourcesBuildPhase section */

/* Begin PBXTargetDependency section */
		F3B39093452F5FE19CD9547F /* PBXTargetDependency */ = {
			isa = PBXTargetDependency;
			target = F3B396A393E7948ECF72AAB6 /* QueuedCombineActions */;
			targetProxy = F3B39EBD94AE1680E080DBBC /* PBXContainerItemProxy */;
		};
		F3B39FE034484AA60C48FF14 /* PBXTargetDependency */ = {
			isa = PBXTargetDependency;
			target = F3B396A393E7948ECF72AAB6 /* QueuedCombineActions */;
			targetProxy = F3B39FC5C803B5E79426ADF3 /* PBXContainerItemProxy */;
		};
/* End PBXTargetDependency section */

/* Begin XCBuildConfiguration section */
		F3B391662583987295E00120 /* Release */ = {
			isa = XCBuildConfiguration;
			buildSettings = {
				BUNDLE_LOADER = "$(BUILT_PRODUCTS_DIR)/QueuedCombineActions.app/QueuedCombineActions";
				CURRENT_PROJECT_VERSION = 1;
				GENERATE_INFOPLIST_FILE = YES;
				MARKETING_VERSION = 1.0;
				PRODUCT_BUNDLE_IDENTIFIER = com.brunohams.QueuedCombineActionsTests;
				PRODUCT_NAME = "$(TARGET_NAME)";
				SWIFT_EMIT_LOC_STRINGS = NO;
				SWIFT_VERSION = 5.0;
				TARGETED_DEVICE_FAMILY = "1,2";
				TEST_HOST = "$(BUNDLE_LOADER)";
			};
			name = Release;
		};
		F3B392EEA63744B0B9721354 /* Debug */ = {
			isa = XCBuildConfiguration;
			buildSettings = {
				BUNDLE_LOADER = "$(BUILT_PRODUCTS_DIR)/QueuedCombineActions.app/QueuedCombineActions";
				CURRENT_PROJECT_VERSION = 1;
				GENERATE_INFOPLIST_FILE = YES;
				MARKETING_VERSION = 1.0;
				PRODUCT_BUNDLE_IDENTIFIER = com.brunohams.QueuedCombineActionsTests;
				PRODUCT_NAME = "$(TARGET_NAME)";
				SWIFT_EMIT_LOC_STRINGS = NO;
				SWIFT_VERSION = 5.0;
				TARGETED_DEVICE_FAMILY = "1,2";
				TEST_HOST = "$(BUNDLE_LOADER)";
			};
			name = Debug;
		};
		F3B393F0FF271A17859E98D0 /* Release */ = {
			isa = XCBuildConfiguration;
			buildSettings = {
				ALWAYS_SEARCH_USER_PATHS = NO;
				CLANG_ANALYZER_NONNULL = YES;
				CLANG_ANALYZER_NUMBER_OBJECT_CONVERSION = YES_AGGRESSIVE;
				CLANG_CXX_LANGUAGE_STANDARD = "gnu++17";
				CLANG_ENABLE_MODULES = YES;
				CLANG_ENABLE_OBJC_ARC = YES;
				CLANG_ENABLE_OBJC_WEAK = YES;
				CLANG_WARN_BLOCK_CAPTURE_AUTORELEASING = YES;
				CLANG_WARN_BOOL_CONVERSION = YES;
				CLANG_WARN_COMMA = YES;
				CLANG_WARN_CONSTANT_CONVERSION = YES;
				CLANG_WARN_DEPRECATED_OBJC_IMPLEMENTATIONS = YES;
				CLANG_WARN_DIRECT_OBJC_ISA_USAGE = YES_ERROR;
				CLANG_WARN_DOCUMENTATION_COMMENTS = YES;
				CLANG_WARN_EMPTY_BODY = YES;
				CLANG_WARN_ENUM_CONVERSION = YES;
				CLANG_WARN_INFINITE_RECURSION = YES;
				CLANG_WARN_INT_CONVERSION = YES;
				CLANG_WARN_NON_LITERAL_NULL_CONVERSION = YES;
				CLANG_WARN_OBJC_IMPLICIT_RETAIN_SELF = YES;
				CLANG_WARN_OBJC_LITERAL_CONVERSION = YES;
				CLANG_WARN_OBJC_ROOT_CLASS = YES_ERROR;
				CLANG_WARN_QUOTED_INCLUDE_IN_FRAMEWORK_HEADER = YES;
				CLANG_WARN_RANGE_LOOP_ANALYSIS = YES;
				CLANG_WARN_STRICT_PROTOTYPES = YES;
				CLANG_WARN_SUSPICIOUS_MOVE = YES;
				CLANG_WARN_UNGUARDED_AVAILABILITY = YES_AGGRESSIVE;
				CLANG_WARN_UNREACHABLE_CODE = YES;
				CLANG_WARN__DUPLICATE_METHOD_MATCH = YES;
				COPY_PHASE_STRIP = NO;
				DEBUG_INFORMATION_FORMAT = "dwarf-with-dsym";
				ENABLE_NS_ASSERTIONS = NO;
				ENABLE_STRICT_OBJC_MSGSEND = YES;
				GCC_C_LANGUAGE_STANDARD = gnu11;
				GCC_NO_COMMON_BLOCKS = YES;
				GCC_WARN_64_TO_32_BIT_CONVERSION = YES;
				GCC_WARN_ABOUT_RETURN_TYPE = YES_ERROR;
				GCC_WARN_UNDECLARED_SELECTOR = YES;
				GCC_WARN_UNINITIALIZED_AUTOS = YES_AGGRESSIVE;
				GCC_WARN_UNUSED_FUNCTION = YES;
				GCC_WARN_UNUSED_VARIABLE = YES;
				IPHONEOS_DEPLOYMENT_TARGET = 15.5;
				MTL_ENABLE_DEBUG_INFO = NO;
				MTL_FAST_MATH = YES;
				SDKROOT = iphoneos;
				SWIFT_COMPILATION_MODE = wholemodule;
				SWIFT_OPTIMIZATION_LEVEL = "-O";
				VALIDATE_PRODUCT = YES;
			};
			name = Release;
		};
		F3B3940E9C3ED47BF83510E0 /* Debug */ = {
			isa = XCBuildConfiguration;
			buildSettings = {
				ASSETCATALOG_COMPILER_APPICON_NAME = AppIcon;
				ASSETCATALOG_COMPILER_GLOBAL_ACCENT_COLOR_NAME = AccentColor;
				CURRENT_PROJECT_VERSION = 1;
				DEVELOPMENT_ASSET_PATHS = "\"QueuedCombineActions/Preview Content\"";
				ENABLE_PREVIEWS = YES;
				GENERATE_INFOPLIST_FILE = YES;
				INFOPLIST_KEY_UIApplicationSceneManifest_Generation = YES;
				INFOPLIST_KEY_UIApplicationSupportsIndirectInputEvents = YES;
				INFOPLIST_KEY_UILaunchScreen_Generation = YES;
				INFOPLIST_KEY_UISupportedInterfaceOrientations_iPad = "UIInterfaceOrientationPortrait UIInterfaceOrientationPortraitUpsideDown UIInterfaceOrientationLandscapeLeft UIInterfaceOrientationLandscapeRight";
				INFOPLIST_KEY_UISupportedInterfaceOrientations_iPhone = "UIInterfaceOrientationPortrait UIInterfaceOrientationLandscapeLeft UIInterfaceOrientationLandscapeRight";
				LD_RUNPATH_SEARCH_PATHS = "$(inherited) @executable_path/Frameworks";
				MARKETING_VERSION = 1.0;
				PRODUCT_BUNDLE_IDENTIFIER = com.brunohams.QueuedCombineActions;
				PRODUCT_NAME = "$(TARGET_NAME)";
				SWIFT_EMIT_LOC_STRINGS = YES;
				SWIFT_VERSION = 5.0;
				TARGETED_DEVICE_FAMILY = "1,2";
			};
			name = Debug;
		};
		F3B3960A380567F942A34F28 /* Release */ = {
			isa = XCBuildConfiguration;
			buildSettings = {
				ASSETCATALOG_COMPILER_APPICON_NAME = AppIcon;
				ASSETCATALOG_COMPILER_GLOBAL_ACCENT_COLOR_NAME = AccentColor;
				CURRENT_PROJECT_VERSION = 1;
				DEVELOPMENT_ASSET_PATHS = "\"QueuedCombineActions/Preview Content\"";
				ENABLE_PREVIEWS = YES;
				GENERATE_INFOPLIST_FILE = YES;
				INFOPLIST_KEY_UIApplicationSceneManifest_Generation = YES;
				INFOPLIST_KEY_UIApplicationSupportsIndirectInputEvents = YES;
				INFOPLIST_KEY_UILaunchScreen_Generation = YES;
				INFOPLIST_KEY_UISupportedInterfaceOrientations_iPad = "UIInterfaceOrientationPortrait UIInterfaceOrientationPortraitUpsideDown UIInterfaceOrientationLandscapeLeft UIInterfaceOrientationLandscapeRight";
				INFOPLIST_KEY_UISupportedInterfaceOrientations_iPhone = "UIInterfaceOrientationPortrait UIInterfaceOrientationLandscapeLeft UIInterfaceOrientationLandscapeRight";
				LD_RUNPATH_SEARCH_PATHS = "$(inherited) @executable_path/Frameworks";
				MARKETING_VERSION = 1.0;
				PRODUCT_BUNDLE_IDENTIFIER = com.brunohams.QueuedCombineActions;
				PRODUCT_NAME = "$(TARGET_NAME)";
				SWIFT_EMIT_LOC_STRINGS = YES;
				SWIFT_VERSION = 5.0;
				TARGETED_DEVICE_FAMILY = "1,2";
			};
			name = Release;
		};
		F3B3968FEF7EB0EABAFB82CA /* Release */ = {
			isa = XCBuildConfiguration;
			buildSettings = {
				CURRENT_PROJECT_VERSION = 1;
				GENERATE_INFOPLIST_FILE = YES;
				MARKETING_VERSION = 1.0;
				PRODUCT_BUNDLE_IDENTIFIER = com.brunohams.QueuedCombineActionsUITests;
				PRODUCT_NAME = "$(TARGET_NAME)";
				SWIFT_EMIT_LOC_STRINGS = NO;
				SWIFT_VERSION = 5.0;
				TARGETED_DEVICE_FAMILY = "1,2";
				TEST_TARGET_NAME = QueuedCombineActions;
			};
			name = Release;
		};
		F3B39ACDD1BB339656ABC2D3 /* Debug */ = {
			isa = XCBuildConfiguration;
			buildSettings = {
				CURRENT_PROJECT_VERSION = 1;
				GENERATE_INFOPLIST_FILE = YES;
				MARKETING_VERSION = 1.0;
				PRODUCT_BUNDLE_IDENTIFIER = com.brunohams.QueuedCombineActionsUITests;
				PRODUCT_NAME = "$(TARGET_NAME)";
				SWIFT_EMIT_LOC_STRINGS = NO;
				SWIFT_VERSION = 5.0;
				TARGETED_DEVICE_FAMILY = "1,2";
				TEST_TARGET_NAME = QueuedCombineActions;
			};
			name = Debug;
		};
		F3B39D15F0DE6FF5832AEB21 /* Debug */ = {
			isa = XCBuildConfiguration;
			buildSettings = {
				ALWAYS_SEARCH_USER_PATHS = NO;
				CLANG_ANALYZER_NONNULL = YES;
				CLANG_ANALYZER_NUMBER_OBJECT_CONVERSION = YES_AGGRESSIVE;
				CLANG_CXX_LANGUAGE_STANDARD = "gnu++17";
				CLANG_ENABLE_MODULES = YES;
				CLANG_ENABLE_OBJC_ARC = YES;
				CLANG_ENABLE_OBJC_WEAK = YES;
				CLANG_WARN_BLOCK_CAPTURE_AUTORELEASING = YES;
				CLANG_WARN_BOOL_CONVERSION = YES;
				CLANG_WARN_COMMA = YES;
				CLANG_WARN_CONSTANT_CONVERSION = YES;
				CLANG_WARN_DEPRECATED_OBJC_IMPLEMENTATIONS = YES;
				CLANG_WARN_DIRECT_OBJC_ISA_USAGE = YES_ERROR;
				CLANG_WARN_DOCUMENTATION_COMMENTS = YES;
				CLANG_WARN_EMPTY_BODY = YES;
				CLANG_WARN_ENUM_CONVERSION = YES;
				CLANG_WARN_INFINITE_RECURSION = YES;
				CLANG_WARN_INT_CONVERSION = YES;
				CLANG_WARN_NON_LITERAL_NULL_CONVERSION = YES;
				CLANG_WARN_OBJC_IMPLICIT_RETAIN_SELF = YES;
				CLANG_WARN_OBJC_LITERAL_CONVERSION = YES;
				CLANG_WARN_OBJC_ROOT_CLASS = YES_ERROR;
				CLANG_WARN_QUOTED_INCLUDE_IN_FRAMEWORK_HEADER = YES;
				CLANG_WARN_RANGE_LOOP_ANALYSIS = YES;
				CLANG_WARN_STRICT_PROTOTYPES = YES;
				CLANG_WARN_SUSPICIOUS_MOVE = YES;
				CLANG_WARN_UNGUARDED_AVAILABILITY = YES_AGGRESSIVE;
				CLANG_WARN_UNREACHABLE_CODE = YES;
				CLANG_WARN__DUPLICATE_METHOD_MATCH = YES;
				COPY_PHASE_STRIP = NO;
				DEBUG_INFORMATION_FORMAT = dwarf;
				ENABLE_STRICT_OBJC_MSGSEND = YES;
				ENABLE_TESTABILITY = YES;
				GCC_C_LANGUAGE_STANDARD = gnu11;
				GCC_DYNAMIC_NO_PIC = NO;
				GCC_NO_COMMON_BLOCKS = YES;
				GCC_OPTIMIZATION_LEVEL = 0;
				GCC_PREPROCESSOR_DEFINITIONS = (
					"DEBUG=1",
					"$(inherited)",
				);
				GCC_WARN_64_TO_32_BIT_CONVERSION = YES;
				GCC_WARN_ABOUT_RETURN_TYPE = YES_ERROR;
				GCC_WARN_UNDECLARED_SELECTOR = YES;
				GCC_WARN_UNINITIALIZED_AUTOS = YES_AGGRESSIVE;
				GCC_WARN_UNUSED_FUNCTION = YES;
				GCC_WARN_UNUSED_VARIABLE = YES;
				IPHONEOS_DEPLOYMENT_TARGET = 15.5;
				MTL_ENABLE_DEBUG_INFO = INCLUDE_SOURCE;
				MTL_FAST_MATH = YES;
				ONLY_ACTIVE_ARCH = YES;
				SDKROOT = iphoneos;
				SWIFT_ACTIVE_COMPILATION_CONDITIONS = DEBUG;
				SWIFT_OPTIMIZATION_LEVEL = "-Onone";
			};
			name = Debug;
		};
/* End XCBuildConfiguration section */

/* Begin XCConfigurationList section */
		F3B392F8558B77B80EB5110B /* Build configuration list for PBXNativeTarget "QueuedCombineActions" */ = {
			isa = XCConfigurationList;
			buildConfigurations = (
				F3B3940E9C3ED47BF83510E0 /* Debug */,
				F3B3960A380567F942A34F28 /* Release */,
			);
			defaultConfigurationIsVisible = 0;
		};
		F3B39D9E96D0DDCF90005B46 /* Build configuration list for PBXNativeTarget "QueuedCombineActionsTests" */ = {
			isa = XCConfigurationList;
			buildConfigurations = (
				F3B392EEA63744B0B9721354 /* Debug */,
				F3B391662583987295E00120 /* Release */,
			);
			defaultConfigurationIsVisible = 0;
		};
		F3B39DCBF80069CE266C9FDB /* Build configuration list for PBXNativeTarget "QueuedCombineActionsUITests" */ = {
			isa = XCConfigurationList;
			buildConfigurations = (
				F3B39ACDD1BB339656ABC2D3 /* Debug */,
				F3B3968FEF7EB0EABAFB82CA /* Release */,
			);
			defaultConfigurationIsVisible = 0;
		};
		F3B39EDD8CA999BA761D47D8 /* Build configuration list for PBXProject "QueuedCombineActions" */ = {
			isa = XCConfigurationList;
			buildConfigurations = (
				F3B39D15F0DE6FF5832AEB21 /* Debug */,
				F3B393F0FF271A17859E98D0 /* Release */,
			);
			defaultConfigurationIsVisible = 0;
			defaultConfigurationName = Release;
		};
/* End XCConfigurationList section */
	};
	rootObject = F3B39A7DAEF5DBBA96381736 /* Project object */;
}
